// !$*UTF8*$!
{
	archiveVersion = 1;
	classes = {
	};
	objectVersion = 50;
	objects = {

/* Begin PBXBuildFile section */
		FC834E0F2153E69B000AA2DB /* AppDelegate.swift in Sources */ = {isa = PBXBuildFile; fileRef = FC834E0E2153E69B000AA2DB /* AppDelegate.swift */; };
		FC834E112153E69B000AA2DB /* SelectPersonVC.swift in Sources */ = {isa = PBXBuildFile; fileRef = FC834E102153E69B000AA2DB /* SelectPersonVC.swift */; };
		FC834E142153E69B000AA2DB /* Main.storyboard in Resources */ = {isa = PBXBuildFile; fileRef = FC834E122153E69B000AA2DB /* Main.storyboard */; };
		FC834E162153E69D000AA2DB /* Assets.xcassets in Resources */ = {isa = PBXBuildFile; fileRef = FC834E152153E69D000AA2DB /* Assets.xcassets */; };
		FC834E192153E69D000AA2DB /* LaunchScreen.storyboard in Resources */ = {isa = PBXBuildFile; fileRef = FC834E172153E69D000AA2DB /* LaunchScreen.storyboard */; };
		FCB4875121593136001B287C /* Starjedi.ttf in Resources */ = {isa = PBXBuildFile; fileRef = FCB4874E21593136001B287C /* Starjedi.ttf */; };
		FCB4875221593136001B287C /* Starjhol.ttf in Resources */ = {isa = PBXBuildFile; fileRef = FCB4874F21593136001B287C /* Starjhol.ttf */; };
		FCB4875321593136001B287C /* Starjout.ttf in Resources */ = {isa = PBXBuildFile; fileRef = FCB4875021593136001B287C /* Starjout.ttf */; };
		FCB487572159353A001B287C /* BlackBgView.swift in Sources */ = {isa = PBXBuildFile; fileRef = FCB487562159353A001B287C /* BlackBgView.swift */; };
		FCB4875A215935D4001B287C /* Constants.swift in Sources */ = {isa = PBXBuildFile; fileRef = FCB48759215935D4001B287C /* Constants.swift */; };
/* End PBXBuildFile section */

/* Begin PBXFileReference section */
		FC834E0B2153E69B000AA2DB /* StarTriva.app */ = {isa = PBXFileReference; explicitFileType = wrapper.application; includeInIndex = 0; path = StarTriva.app; sourceTree = BUILT_PRODUCTS_DIR; };
		FC834E0E2153E69B000AA2DB /* AppDelegate.swift */ = {isa = PBXFileReference; lastKnownFileType = sourcecode.swift; path = AppDelegate.swift; sourceTree = "<group>"; };
		FC834E102153E69B000AA2DB /* SelectPersonVC.swift */ = {isa = PBXFileReference; lastKnownFileType = sourcecode.swift; path = SelectPersonVC.swift; sourceTree = "<group>"; };
		FC834E132153E69B000AA2DB /* Base */ = {isa = PBXFileReference; lastKnownFileType = file.storyboard; name = Base; path = Base.lproj/Main.storyboard; sourceTree = "<group>"; };
		FC834E152153E69D000AA2DB /* Assets.xcassets */ = {isa = PBXFileReference; lastKnownFileType = folder.assetcatalog; path = Assets.xcassets; sourceTree = "<group>"; };
		FC834E182153E69D000AA2DB /* Base */ = {isa = PBXFileReference; lastKnownFileType = file.storyboard; name = Base; path = Base.lproj/LaunchScreen.storyboard; sourceTree = "<group>"; };
		FC834E1A2153E69D000AA2DB /* Info.plist */ = {isa = PBXFileReference; lastKnownFileType = text.plist.xml; path = Info.plist; sourceTree = "<group>"; };
		FCB4874E21593136001B287C /* Starjedi.ttf */ = {isa = PBXFileReference; lastKnownFileType = file; path = Starjedi.ttf; sourceTree = "<group>"; };
		FCB4874F21593136001B287C /* Starjhol.ttf */ = {isa = PBXFileReference; lastKnownFileType = file; path = Starjhol.ttf; sourceTree = "<group>"; };
		FCB4875021593136001B287C /* Starjout.ttf */ = {isa = PBXFileReference; lastKnownFileType = file; path = Starjout.ttf; sourceTree = "<group>"; };
		FCB487562159353A001B287C /* BlackBgView.swift */ = {isa = PBXFileReference; lastKnownFileType = sourcecode.swift; path = BlackBgView.swift; sourceTree = "<group>"; };
		FCB48759215935D4001B287C /* Constants.swift */ = {isa = PBXFileReference; lastKnownFileType = sourcecode.swift; path = Constants.swift; sourceTree = "<group>"; };
/* End PBXFileReference section */

/* Begin PBXFrameworksBuildPhase section */
		FC834E082153E69B000AA2DB /* Frameworks */ = {
			isa = PBXFrameworksBuildPhase;
			buildActionMask = 2147483647;
			files = (
			);
			runOnlyForDeploymentPostprocessing = 0;
		};
/* End PBXFrameworksBuildPhase section */

/* Begin PBXGroup section */
		FC834E022153E69B000AA2DB = {
			isa = PBXGroup;
			children = (
				FC834E0D2153E69B000AA2DB /* StarTriva */,
				FC834E0C2153E69B000AA2DB /* Products */,
			);
			sourceTree = "<group>";
		};
		FC834E0C2153E69B000AA2DB /* Products */ = {
			isa = PBXGroup;
			children = (
				FC834E0B2153E69B000AA2DB /* StarTriva.app */,
			);
			name = Products;
			sourceTree = "<group>";
		};
		FC834E0D2153E69B000AA2DB /* StarTriva */ = {
			isa = PBXGroup;
			children = (
				FC834E292153E943000AA2DB /* Model */,
				FC834E2B2153E958000AA2DB /* View */,
				FC834E2A2153E950000AA2DB /* Controller */,
				FC834E0E2153E69B000AA2DB /* AppDelegate.swift */,
				FC834E102153E69B000AA2DB /* SelectPersonVC.swift */,
				FCB48758215935B4001B287C /* Utils */,
				FC834E282153E934000AA2DB /* resources */,
				FC834E122153E69B000AA2DB /* Main.storyboard */,
				FC834E152153E69D000AA2DB /* Assets.xcassets */,
				FC834E172153E69D000AA2DB /* LaunchScreen.storyboard */,
				FC834E1A2153E69D000AA2DB /* Info.plist */,
			);
			path = StarTriva;
			sourceTree = "<group>";
		};
		FC834E272153E92C000AA2DB /* fonts */ = {
			isa = PBXGroup;
			children = (
				FCB4874E21593136001B287C /* Starjedi.ttf */,
				FCB4874F21593136001B287C /* Starjhol.ttf */,
				FCB4875021593136001B287C /* Starjout.ttf */,
			);
			path = fonts;
			sourceTree = "<group>";
		};
		FC834E282153E934000AA2DB /* resources */ = {
			isa = PBXGroup;
			children = (
				FC834E272153E92C000AA2DB /* fonts */,
			);
			path = resources;
			sourceTree = "<group>";
		};
		FC834E292153E943000AA2DB /* Model */ = {
			isa = PBXGroup;
			children = (
			);
			path = Model;
			sourceTree = "<group>";
		};
		FC834E2A2153E950000AA2DB /* Controller */ = {
			isa = PBXGroup;
			children = (
			);
			path = Controller;
			sourceTree = "<group>";
		};
		FC834E2B2153E958000AA2DB /* View */ = {
			isa = PBXGroup;
			children = (
				FCB487562159353A001B287C /* BlackBgView.swift */,
			);
			path = View;
			sourceTree = "<group>";
		};
		FCB48758215935B4001B287C /* Utils */ = {
			isa = PBXGroup;
			children = (
				FCB48759215935D4001B287C /* Constants.swift */,
			);
			path = Utils;
			sourceTree = "<group>";
		};
/* End PBXGroup section */

/* Begin PBXNativeTarget section */
		FC834E0A2153E69B000AA2DB /* StarTriva */ = {
			isa = PBXNativeTarget;
			buildConfigurationList = FC834E1D2153E69D000AA2DB /* Build configuration list for PBXNativeTarget "StarTriva" */;
			buildPhases = (
				FC834E072153E69B000AA2DB /* Sources */,
				FC834E082153E69B000AA2DB /* Frameworks */,
				FC834E092153E69B000AA2DB /* Resources */,
			);
			buildRules = (
			);
			dependencies = (
			);
			name = StarTriva;
			productName = StarTriva;
			productReference = FC834E0B2153E69B000AA2DB /* StarTriva.app */;
			productType = "com.apple.product-type.application";
		};
/* End PBXNativeTarget section */

/* Begin PBXProject section */
		FC834E032153E69B000AA2DB /* Project object */ = {
			isa = PBXProject;
			attributes = {
				LastSwiftUpdateCheck = 0940;
				LastUpgradeCheck = 0940;
				ORGANIZATIONNAME = "Kevin Janvier";
				TargetAttributes = {
					FC834E0A2153E69B000AA2DB = {
						CreatedOnToolsVersion = 9.4.1;
					};
				};
			};
			buildConfigurationList = FC834E062153E69B000AA2DB /* Build configuration list for PBXProject "StarTriva" */;
			compatibilityVersion = "Xcode 9.3";
			developmentRegion = en;
			hasScannedForEncodings = 0;
			knownRegions = (
				en,
				Base,
			);
			mainGroup = FC834E022153E69B000AA2DB;
			productRefGroup = FC834E0C2153E69B000AA2DB /* Products */;
			projectDirPath = "";
			projectRoot = "";
			targets = (
				FC834E0A2153E69B000AA2DB /* StarTriva */,
			);
		};
/* End PBXProject section */

/* Begin PBXResourcesBuildPhase section */
		FC834E092153E69B000AA2DB /* Resources */ = {
			isa = PBXResourcesBuildPhase;
			buildActionMask = 2147483647;
			files = (
				FC834E192153E69D000AA2DB /* LaunchScreen.storyboard in Resources */,
				FC834E162153E69D000AA2DB /* Assets.xcassets in Resources */,
				FCB4875121593136001B287C /* Starjedi.ttf in Resources */,
				FCB4875221593136001B287C /* Starjhol.ttf in Resources */,
				FCB4875321593136001B287C /* Starjout.ttf in Resources */,
				FC834E142153E69B000AA2DB /* Main.storyboard in Resources */,
			);
			runOnlyForDeploymentPostprocessing = 0;
		};
/* End PBXResourcesBuildPhase section */

/* Begin PBXSourcesBuildPhase section */
		FC834E072153E69B000AA2DB /* Sources */ = {
			isa = PBXSourcesBuildPhase;
			buildActionMask = 2147483647;
			files = (
				FC834E112153E69B000AA2DB /* SelectPersonVC.swift in Sources */,
				FC834E0F2153E69B000AA2DB /* AppDelegate.swift in Sources */,
				FCB487572159353A001B287C /* BlackBgView.swift in Sources */,
				FCB4875A215935D4001B287C /* Constants.swift in Sources */,
			);
			runOnlyForDeploymentPostprocessing = 0;
		};
/* End PBXSourcesBuildPhase section */

/* Begin PBXVariantGroup section */
		FC834E122153E69B000AA2DB /* Main.storyboard */ = {
			isa = PBXVariantGroup;
			children = (
				FC834E132153E69B000AA2DB /* Base */,
			);
			name = Main.storyboard;
			sourceTree = "<group>";
		};
		FC834E172153E69D000AA2DB /* LaunchScreen.storyboard */ = {
			isa = PBXVariantGroup;
			children = (
				FC834E182153E69D000AA2DB /* Base */,
			);
			name = LaunchScreen.storyboard;
			sourceTree = "<group>";
		};
/* End PBXVariantGroup section */

/* Begin XCBuildConfiguration section */
		FC834E1B2153E69D000AA2DB /* Debug */ = {
			isa = XCBuildConfiguration;
			buildSettings = {
				ALWAYS_SEARCH_USER_PATHS = NO;
				CLANG_ANALYZER_NONNULL = YES;
				CLANG_ANALYZER_NUMBER_OBJECT_CONVERSION = YES_AGGRESSIVE;
				CLANG_CXX_LANGUAGE_STANDARD = "gnu++14";
				CLANG_CXX_LIBRARY = "libc++";
				CLANG_ENABLE_MODULES = YES;
				CLANG_ENABLE_OBJC_ARC = YES;
				CLANG_ENABLE_OBJC_WEAK = YES;
				CLANG_WARN_BLOCK_CAPTURE_AUTORELEASING = YES;
				CLANG_WARN_BOOL_CONVERSION = YES;
				CLANG_WARN_COMMA = YES;
				CLANG_WARN_CONSTANT_CONVERSION = YES;
				CLANG_WARN_DEPRECATED_OBJC_IMPLEMENTATIONS = YES;
				CLANG_WARN_DIRECT_OBJC_ISA_USAGE = YES_ERROR;
				CLANG_WARN_DOCUMENTATION_COMMENTS = YES;
				CLANG_WARN_EMPTY_BODY = YES;
				CLANG_WARN_ENUM_CONVERSION = YES;
				CLANG_WARN_INFINITE_RECURSION = YES;
				CLANG_WARN_INT_CONVERSION = YES;
				CLANG_WARN_NON_LITERAL_NULL_CONVERSION = YES;
				CLANG_WARN_OBJC_IMPLICIT_RETAIN_SELF = YES;
				CLANG_WARN_OBJC_LITERAL_CONVERSION = YES;
				CLANG_WARN_OBJC_ROOT_CLASS = YES_ERROR;
				CLANG_WARN_RANGE_LOOP_ANALYSIS = YES;
				CLANG_WARN_STRICT_PROTOTYPES = YES;
				CLANG_WARN_SUSPICIOUS_MOVE = YES;
				CLANG_WARN_UNGUARDED_AVAILABILITY = YES_AGGRESSIVE;
				CLANG_WARN_UNREACHABLE_CODE = YES;
				CLANG_WARN__DUPLICATE_METHOD_MATCH = YES;
				CODE_SIGN_IDENTITY = "iPhone Developer";
				COPY_PHASE_STRIP = NO;
				DEBUG_INFORMATION_FORMAT = dwarf;
				ENABLE_STRICT_OBJC_MSGSEND = YES;
				ENABLE_TESTABILITY = YES;
				GCC_C_LANGUAGE_STANDARD = gnu11;
				GCC_DYNAMIC_NO_PIC = NO;
				GCC_NO_COMMON_BLOCKS = YES;
				GCC_OPTIMIZATION_LEVEL = 0;
				GCC_PREPROCESSOR_DEFINITIONS = (
					"DEBUG=1",
					"$(inherited)",
				);
				GCC_WARN_64_TO_32_BIT_CONVERSION = YES;
				GCC_WARN_ABOUT_RETURN_TYPE = YES_ERROR;
				GCC_WARN_UNDECLARED_SELECTOR = YES;
				GCC_WARN_UNINITIALIZED_AUTOS = YES_AGGRESSIVE;
				GCC_WARN_UNUSED_FUNCTION = YES;
				GCC_WARN_UNUSED_VARIABLE = YES;
				IPHONEOS_DEPLOYMENT_TARGET = 11.4;
				MTL_ENABLE_DEBUG_INFO = YES;
				ONLY_ACTIVE_ARCH = YES;
				SDKROOT = iphoneos;
				SWIFT_ACTIVE_COMPILATION_CONDITIONS = DEBUG;
				SWIFT_OPTIMIZATION_LEVEL = "-Onone";
			};
			name = Debug;
		};
		FC834E1C2153E69D000AA2DB /* Release */ = {
			isa = XCBuildConfiguration;
			buildSettings = {
				ALWAYS_SEARCH_USER_PATHS = NO;
				CLANG_ANALYZER_NONNULL = YES;
				CLANG_ANALYZER_NUMBER_OBJECT_CONVERSION = YES_AGGRESSIVE;
				CLANG_CXX_LANGUAGE_STANDARD = "gnu++14";
				CLANG_CXX_LIBRARY = "libc++";
				CLANG_ENABLE_MODULES = YES;
				CLANG_ENABLE_OBJC_ARC = YES;
				CLANG_ENABLE_OBJC_WEAK = YES;
				CLANG_WARN_BLOCK_CAPTURE_AUTORELEASING = YES;
				CLANG_WARN_BOOL_CONVERSION = YES;
				CLANG_WARN_COMMA = YES;
				CLANG_WARN_CONSTANT_CONVERSION = YES;
				CLANG_WARN_DEPRECATED_OBJC_IMPLEMENTATIONS = YES;
				CLANG_WARN_DIRECT_OBJC_ISA_USAGE = YES_ERROR;
				CLANG_WARN_DOCUMENTATION_COMMENTS = YES;
				CLANG_WARN_EMPTY_BODY = YES;
				CLANG_WARN_ENUM_CONVERSION = YES;
				CLANG_WARN_INFINITE_RECURSION = YES;
				CLANG_WARN_INT_CONVERSION = YES;
				CLANG_WARN_NON_LITERAL_NULL_CONVERSION = YES;
				CLANG_WARN_OBJC_IMPLICIT_RETAIN_SELF = YES;
				CLANG_WARN_OBJC_LITERAL_CONVERSION = YES;
				CLANG_WARN_OBJC_ROOT_CLASS = YES_ERROR;
				CLANG_WARN_RANGE_LOOP_ANALYSIS = YES;
				CLANG_WARN_STRICT_PROTOTYPES = YES;
				CLANG_WARN_SUSPICIOUS_MOVE = YES;
				CLANG_WARN_UNGUARDED_AVAILABILITY = YES_AGGRESSIVE;
				CLANG_WARN_UNREACHABLE_CODE = YES;
				CLANG_WARN__DUPLICATE_METHOD_MATCH = YES;
				CODE_SIGN_IDENTITY = "iPhone Developer";
				COPY_PHASE_STRIP = NO;
				DEBUG_INFORMATION_FORMAT = "dwarf-with-dsym";
				ENABLE_NS_ASSERTIONS = NO;
				ENABLE_STRICT_OBJC_MSGSEND = YES;
				GCC_C_LANGUAGE_STANDARD = gnu11;
				GCC_NO_COMMON_BLOCKS = YES;
				GCC_WARN_64_TO_32_BIT_CONVERSION = YES;
				GCC_WARN_ABOUT_RETURN_TYPE = YES_ERROR;
				GCC_WARN_UNDECLARED_SELECTOR = YES;
				GCC_WARN_UNINITIALIZED_AUTOS = YES_AGGRESSIVE;
				GCC_WARN_UNUSED_FUNCTION = YES;
				GCC_WARN_UNUSED_VARIABLE = YES;
				IPHONEOS_DEPLOYMENT_TARGET = 11.4;
				MTL_ENABLE_DEBUG_INFO = NO;
				SDKROOT = iphoneos;
				SWIFT_COMPILATION_MODE = wholemodule;
				SWIFT_OPTIMIZATION_LEVEL = "-O";
				VALIDATE_PRODUCT = YES;
			};
			name = Release;
		};
		FC834E1E2153E69D000AA2DB /* Debug */ = {
			isa = XCBuildConfiguration;
			buildSettings = {
				ASSETCATALOG_COMPILER_APPICON_NAME = AppIcon;
				CODE_SIGN_STYLE = Automatic;
				DEVELOPMENT_TEAM = 5PCEMPE22S;
				INFOPLIST_FILE = StarTriva/Info.plist;
				LD_RUNPATH_SEARCH_PATHS = (
					"$(inherited)",
					"@executable_path/Frameworks",
				);
				PRODUCT_BUNDLE_IDENTIFIER = com.kevinjanvier.StarTriva;
				PRODUCT_NAME = "$(TARGET_NAME)";
				SWIFT_VERSION = 4.0;
				TARGETED_DEVICE_FAMILY = "1,2";
			};
			name = Debug;
		};
		FC834E1F2153E69D000AA2DB /* Release */ = {
			isa = XCBuildConfiguration;
			buildSettings = {
				ASSETCATALOG_COMPILER_APPICON_NAME = AppIcon;
				CODE_SIGN_STYLE = Automatic;
				DEVELOPMENT_TEAM = 5PCEMPE22S;
				INFOPLIST_FILE = StarTriva/Info.plist;
				LD_RUNPATH_SEARCH_PATHS = (
					"$(inherited)",
					"@executable_path/Frameworks",
				);
				PRODUCT_BUNDLE_IDENTIFIER = com.kevinjanvier.StarTriva;
				PRODUCT_NAME = "$(TARGET_NAME)";
				SWIFT_VERSION = 4.0;
				TARGETED_DEVICE_FAMILY = "1,2";
			};
			name = Release;
		};
/* End XCBuildConfiguration section */

/* Begin XCConfigurationList section */
		FC834E062153E69B000AA2DB /* Build configuration list for PBXProject "StarTriva" */ = {
			isa = XCConfigurationList;
			buildConfigurations = (
				FC834E1B2153E69D000AA2DB /* Debug */,
				FC834E1C2153E69D000AA2DB /* Release */,
			);
			defaultConfigurationIsVisible = 0;
			defaultConfigurationName = Release;
		};
		FC834E1D2153E69D000AA2DB /* Build configuration list for PBXNativeTarget "StarTriva" */ = {
			isa = XCConfigurationList;
			buildConfigurations = (
				FC834E1E2153E69D000AA2DB /* Debug */,
				FC834E1F2153E69D000AA2DB /* Release */,
			);
			defaultConfigurationIsVisible = 0;
			defaultConfigurationName = Release;
		};
/* End XCConfigurationList section */
	};
	rootObject = FC834E032153E69B000AA2DB /* Project object */;
}
